// !$*UTF8*$!
{
	archiveVersion = 1;
	classes = {
	};
	objectVersion = 46;
	objects = {

/* Begin PBXBuildFile section */
		D0724CBA1F78E2C200D1AA2B /* AppDelegate.swift in Sources */ = {isa = PBXBuildFile; fileRef = D0724CB91F78E2C200D1AA2B /* AppDelegate.swift */; };
		D0724CBC1F78E2C200D1AA2B /* ViewController.swift in Sources */ = {isa = PBXBuildFile; fileRef = D0724CBB1F78E2C200D1AA2B /* ViewController.swift */; };
		D0724CBF1F78E2C200D1AA2B /* Main.storyboard in Resources */ = {isa = PBXBuildFile; fileRef = D0724CBD1F78E2C200D1AA2B /* Main.storyboard */; };
		D0724CC11F78E2C200D1AA2B /* Assets.xcassets in Resources */ = {isa = PBXBuildFile; fileRef = D0724CC01F78E2C200D1AA2B /* Assets.xcassets */; };
		D0724CC41F78E2C200D1AA2B /* LaunchScreen.storyboard in Resources */ = {isa = PBXBuildFile; fileRef = D0724CC21F78E2C200D1AA2B /* LaunchScreen.storyboard */; };
		D0724CCF1F78E2C200D1AA2B /* POPExampleTests.swift in Sources */ = {isa = PBXBuildFile; fileRef = D0724CCE1F78E2C200D1AA2B /* POPExampleTests.swift */; };
		D0724CDA1F78E2C200D1AA2B /* POPExampleUITests.swift in Sources */ = {isa = PBXBuildFile; fileRef = D0724CD91F78E2C200D1AA2B /* POPExampleUITests.swift */; };
		D0724CE81F78E2E700D1AA2B /* Movie.swift in Sources */ = {isa = PBXBuildFile; fileRef = D0724CE71F78E2E700D1AA2B /* Movie.swift */; };
		D0724CED1F78E72200D1AA2B /* BookTableViewCell.swift in Sources */ = {isa = PBXBuildFile; fileRef = D0724CEC1F78E72100D1AA2B /* BookTableViewCell.swift */; };
		D0724CEF1F78E99000D1AA2B /* UIViewConfigs.swift in Sources */ = {isa = PBXBuildFile; fileRef = D0724CEE1F78E99000D1AA2B /* UIViewConfigs.swift */; };
		D09FBB991F832A4A008490DE /* Auth.storyboard in Resources */ = {isa = PBXBuildFile; fileRef = D09FBB981F832A4A008490DE /* Auth.storyboard */; };
		D09FBBA01F832B30008490DE /* LoginViewController.swift in Sources */ = {isa = PBXBuildFile; fileRef = D09FBB9F1F832B30008490DE /* LoginViewController.swift */; };
		D09FBBA21F832FC7008490DE /* ForgotPasswordViewController.swift in Sources */ = {isa = PBXBuildFile; fileRef = D09FBBA11F832FC7008490DE /* ForgotPasswordViewController.swift */; };
		D09FBBA41F832FDC008490DE /* AuthViewController.swift in Sources */ = {isa = PBXBuildFile; fileRef = D09FBBA31F832FDC008490DE /* AuthViewController.swift */; };
		D09FBBA61F833051008490DE /* SignUpViewController.swift in Sources */ = {isa = PBXBuildFile; fileRef = D09FBBA51F833051008490DE /* SignUpViewController.swift */; };
/* End PBXBuildFile section */

/* Begin PBXContainerItemProxy section */
		D0724CCB1F78E2C200D1AA2B /* PBXContainerItemProxy */ = {
			isa = PBXContainerItemProxy;
			containerPortal = D0724CAE1F78E2C200D1AA2B /* Project object */;
			proxyType = 1;
			remoteGlobalIDString = D0724CB51F78E2C200D1AA2B;
			remoteInfo = POPExample;
		};
		D0724CD61F78E2C200D1AA2B /* PBXContainerItemProxy */ = {
			isa = PBXContainerItemProxy;
			containerPortal = D0724CAE1F78E2C200D1AA2B /* Project object */;
			proxyType = 1;
			remoteGlobalIDString = D0724CB51F78E2C200D1AA2B;
			remoteInfo = POPExample;
		};
/* End PBXContainerItemProxy section */

/* Begin PBXFileReference section */
		D0724CB61F78E2C200D1AA2B /* POPExample.app */ = {isa = PBXFileReference; explicitFileType = wrapper.application; includeInIndex = 0; path = POPExample.app; sourceTree = BUILT_PRODUCTS_DIR; };
		D0724CB91F78E2C200D1AA2B /* AppDelegate.swift */ = {isa = PBXFileReference; lastKnownFileType = sourcecode.swift; path = AppDelegate.swift; sourceTree = "<group>"; };
		D0724CBB1F78E2C200D1AA2B /* ViewController.swift */ = {isa = PBXFileReference; lastKnownFileType = sourcecode.swift; path = ViewController.swift; sourceTree = "<group>"; };
		D0724CBE1F78E2C200D1AA2B /* Base */ = {isa = PBXFileReference; lastKnownFileType = file.storyboard; name = Base; path = Base.lproj/Main.storyboard; sourceTree = "<group>"; };
		D0724CC01F78E2C200D1AA2B /* Assets.xcassets */ = {isa = PBXFileReference; lastKnownFileType = folder.assetcatalog; path = Assets.xcassets; sourceTree = "<group>"; };
		D0724CC31F78E2C200D1AA2B /* Base */ = {isa = PBXFileReference; lastKnownFileType = file.storyboard; name = Base; path = Base.lproj/LaunchScreen.storyboard; sourceTree = "<group>"; };
		D0724CC51F78E2C200D1AA2B /* Info.plist */ = {isa = PBXFileReference; lastKnownFileType = text.plist.xml; path = Info.plist; sourceTree = "<group>"; };
		D0724CCA1F78E2C200D1AA2B /* POPExampleTests.xctest */ = {isa = PBXFileReference; explicitFileType = wrapper.cfbundle; includeInIndex = 0; path = POPExampleTests.xctest; sourceTree = BUILT_PRODUCTS_DIR; };
		D0724CCE1F78E2C200D1AA2B /* POPExampleTests.swift */ = {isa = PBXFileReference; lastKnownFileType = sourcecode.swift; path = POPExampleTests.swift; sourceTree = "<group>"; };
		D0724CD01F78E2C200D1AA2B /* Info.plist */ = {isa = PBXFileReference; lastKnownFileType = text.plist.xml; path = Info.plist; sourceTree = "<group>"; };
		D0724CD51F78E2C200D1AA2B /* POPExampleUITests.xctest */ = {isa = PBXFileReference; explicitFileType = wrapper.cfbundle; includeInIndex = 0; path = POPExampleUITests.xctest; sourceTree = BUILT_PRODUCTS_DIR; };
		D0724CD91F78E2C200D1AA2B /* POPExampleUITests.swift */ = {isa = PBXFileReference; lastKnownFileType = sourcecode.swift; path = POPExampleUITests.swift; sourceTree = "<group>"; };
		D0724CDB1F78E2C200D1AA2B /* Info.plist */ = {isa = PBXFileReference; lastKnownFileType = text.plist.xml; path = Info.plist; sourceTree = "<group>"; };
		D0724CE71F78E2E700D1AA2B /* Movie.swift */ = {isa = PBXFileReference; fileEncoding = 4; lastKnownFileType = sourcecode.swift; path = Movie.swift; sourceTree = "<group>"; };
		D0724CEC1F78E72100D1AA2B /* BookTableViewCell.swift */ = {isa = PBXFileReference; fileEncoding = 4; lastKnownFileType = sourcecode.swift; path = BookTableViewCell.swift; sourceTree = "<group>"; };
		D0724CEE1F78E99000D1AA2B /* UIViewConfigs.swift */ = {isa = PBXFileReference; fileEncoding = 4; lastKnownFileType = sourcecode.swift; path = UIViewConfigs.swift; sourceTree = "<group>"; };
		D09FBB981F832A4A008490DE /* Auth.storyboard */ = {isa = PBXFileReference; fileEncoding = 4; lastKnownFileType = file.storyboard; path = Auth.storyboard; sourceTree = "<group>"; };
		D09FBB9F1F832B30008490DE /* LoginViewController.swift */ = {isa = PBXFileReference; fileEncoding = 4; lastKnownFileType = sourcecode.swift; path = LoginViewController.swift; sourceTree = "<group>"; };
		D09FBBA11F832FC7008490DE /* ForgotPasswordViewController.swift */ = {isa = PBXFileReference; fileEncoding = 4; lastKnownFileType = sourcecode.swift; path = ForgotPasswordViewController.swift; sourceTree = "<group>"; };
		D09FBBA31F832FDC008490DE /* AuthViewController.swift */ = {isa = PBXFileReference; fileEncoding = 4; lastKnownFileType = sourcecode.swift; path = AuthViewController.swift; sourceTree = "<group>"; };
		D09FBBA51F833051008490DE /* SignUpViewController.swift */ = {isa = PBXFileReference; fileEncoding = 4; lastKnownFileType = sourcecode.swift; path = SignUpViewController.swift; sourceTree = "<group>"; };
/* End PBXFileReference section */

/* Begin PBXFrameworksBuildPhase section */
		D0724CB31F78E2C200D1AA2B /* Frameworks */ = {
			isa = PBXFrameworksBuildPhase;
			buildActionMask = 2147483647;
			files = (
			);
			runOnlyForDeploymentPostprocessing = 0;
		};
		D0724CC71F78E2C200D1AA2B /* Frameworks */ = {
			isa = PBXFrameworksBuildPhase;
			buildActionMask = 2147483647;
			files = (
			);
			runOnlyForDeploymentPostprocessing = 0;
		};
		D0724CD21F78E2C200D1AA2B /* Frameworks */ = {
			isa = PBXFrameworksBuildPhase;
			buildActionMask = 2147483647;
			files = (
			);
			runOnlyForDeploymentPostprocessing = 0;
		};
/* End PBXFrameworksBuildPhase section */

/* Begin PBXGroup section */
		D0724CAD1F78E2C200D1AA2B = {
			isa = PBXGroup;
			children = (
				D0724CB81F78E2C200D1AA2B /* POPExample */,
				D0724CCD1F78E2C200D1AA2B /* POPExampleTests */,
				D0724CD81F78E2C200D1AA2B /* POPExampleUITests */,
				D0724CB71F78E2C200D1AA2B /* Products */,
			);
			sourceTree = "<group>";
		};
		D0724CB71F78E2C200D1AA2B /* Products */ = {
			isa = PBXGroup;
			children = (
				D0724CB61F78E2C200D1AA2B /* POPExample.app */,
				D0724CCA1F78E2C200D1AA2B /* POPExampleTests.xctest */,
				D0724CD51F78E2C200D1AA2B /* POPExampleUITests.xctest */,
			);
			name = Products;
			sourceTree = "<group>";
		};
		D0724CB81F78E2C200D1AA2B /* POPExample */ = {
			isa = PBXGroup;
			children = (
				D09FBB9E1F832B0A008490DE /* Auth */,
				D0724CEB1F78E6FC00D1AA2B /* Views */,
				D0724CEA1F78E5DB00D1AA2B /* Extentions */,
				D0724CE91F78E2ED00D1AA2B /* Models */,
				D0724CB91F78E2C200D1AA2B /* AppDelegate.swift */,
				D0724CBB1F78E2C200D1AA2B /* ViewController.swift */,
				D09FBBA71F833732008490DE /* Storyboards */,
				D0724CC01F78E2C200D1AA2B /* Assets.xcassets */,
				D0724CC21F78E2C200D1AA2B /* LaunchScreen.storyboard */,
				D0724CC51F78E2C200D1AA2B /* Info.plist */,
			);
			path = POPExample;
			sourceTree = "<group>";
		};
		D0724CCD1F78E2C200D1AA2B /* POPExampleTests */ = {
			isa = PBXGroup;
			children = (
				D0724CCE1F78E2C200D1AA2B /* POPExampleTests.swift */,
				D0724CD01F78E2C200D1AA2B /* Info.plist */,
			);
			path = POPExampleTests;
			sourceTree = "<group>";
		};
		D0724CD81F78E2C200D1AA2B /* POPExampleUITests */ = {
			isa = PBXGroup;
			children = (
				D0724CD91F78E2C200D1AA2B /* POPExampleUITests.swift */,
				D0724CDB1F78E2C200D1AA2B /* Info.plist */,
			);
			path = POPExampleUITests;
			sourceTree = "<group>";
		};
		D0724CE91F78E2ED00D1AA2B /* Models */ = {
			isa = PBXGroup;
			children = (
				D0724CE71F78E2E700D1AA2B /* Movie.swift */,
			);
			name = Models;
			sourceTree = "<group>";
		};
		D0724CEA1F78E5DB00D1AA2B /* Extentions */ = {
			isa = PBXGroup;
			children = (
			);
			name = Extentions;
			sourceTree = "<group>";
		};
		D0724CEB1F78E6FC00D1AA2B /* Views */ = {
			isa = PBXGroup;
			children = (
				D0724CEC1F78E72100D1AA2B /* BookTableViewCell.swift */,
				D0724CEE1F78E99000D1AA2B /* UIViewConfigs.swift */,
			);
			name = Views;
			sourceTree = "<group>";
		};
		D09FBB9E1F832B0A008490DE /* Auth */ = {
			isa = PBXGroup;
			children = (
				D09FBBA31F832FDC008490DE /* AuthViewController.swift */,
				D09FBB9F1F832B30008490DE /* LoginViewController.swift */,
				D09FBBA11F832FC7008490DE /* ForgotPasswordViewController.swift */,
				D09FBBA51F833051008490DE /* SignUpViewController.swift */,
			);
			path = Auth;
			sourceTree = "<group>";
		};
		D09FBBA71F833732008490DE /* Storyboards */ = {
			isa = PBXGroup;
			children = (
				D0724CBD1F78E2C200D1AA2B /* Main.storyboard */,
				D09FBB981F832A4A008490DE /* Auth.storyboard */,
			);
			name = Storyboards;
			sourceTree = "<group>";
		};
/* End PBXGroup section */

/* Begin PBXNativeTarget section */
		D0724CB51F78E2C200D1AA2B /* POPExample */ = {
			isa = PBXNativeTarget;
			buildConfigurationList = D0724CDE1F78E2C200D1AA2B /* Build configuration list for PBXNativeTarget "POPExample" */;
			buildPhases = (
				D0724CB21F78E2C200D1AA2B /* Sources */,
				D0724CB31F78E2C200D1AA2B /* Frameworks */,
				D0724CB41F78E2C200D1AA2B /* Resources */,
			);
			buildRules = (
			);
			dependencies = (
			);
			name = POPExample;
			productName = POPExample;
			productReference = D0724CB61F78E2C200D1AA2B /* POPExample.app */;
			productType = "com.apple.product-type.application";
		};
		D0724CC91F78E2C200D1AA2B /* POPExampleTests */ = {
			isa = PBXNativeTarget;
			buildConfigurationList = D0724CE11F78E2C200D1AA2B /* Build configuration list for PBXNativeTarget "POPExampleTests" */;
			buildPhases = (
				D0724CC61F78E2C200D1AA2B /* Sources */,
				D0724CC71F78E2C200D1AA2B /* Frameworks */,
				D0724CC81F78E2C200D1AA2B /* Resources */,
			);
			buildRules = (
			);
			dependencies = (
				D0724CCC1F78E2C200D1AA2B /* PBXTargetDependency */,
			);
			name = POPExampleTests;
			productName = POPExampleTests;
			productReference = D0724CCA1F78E2C200D1AA2B /* POPExampleTests.xctest */;
			productType = "com.apple.product-type.bundle.unit-test";
		};
		D0724CD41F78E2C200D1AA2B /* POPExampleUITests */ = {
			isa = PBXNativeTarget;
			buildConfigurationList = D0724CE41F78E2C200D1AA2B /* Build configuration list for PBXNativeTarget "POPExampleUITests" */;
			buildPhases = (
				D0724CD11F78E2C200D1AA2B /* Sources */,
				D0724CD21F78E2C200D1AA2B /* Frameworks */,
				D0724CD31F78E2C200D1AA2B /* Resources */,
			);
			buildRules = (
			);
			dependencies = (
				D0724CD71F78E2C200D1AA2B /* PBXTargetDependency */,
			);
			name = POPExampleUITests;
			productName = POPExampleUITests;
			productReference = D0724CD51F78E2C200D1AA2B /* POPExampleUITests.xctest */;
			productType = "com.apple.product-type.bundle.ui-testing";
		};
/* End PBXNativeTarget section */

/* Begin PBXProject section */
		D0724CAE1F78E2C200D1AA2B /* Project object */ = {
			isa = PBXProject;
			attributes = {
				LastSwiftUpdateCheck = 0830;
				LastUpgradeCheck = 0830;
				ORGANIZATIONNAME = "Quoc Tran";
				TargetAttributes = {
					D0724CB51F78E2C200D1AA2B = {
						CreatedOnToolsVersion = 8.3.3;
						ProvisioningStyle = Automatic;
					};
					D0724CC91F78E2C200D1AA2B = {
						CreatedOnToolsVersion = 8.3.3;
						ProvisioningStyle = Automatic;
						TestTargetID = D0724CB51F78E2C200D1AA2B;
					};
					D0724CD41F78E2C200D1AA2B = {
						CreatedOnToolsVersion = 8.3.3;
						ProvisioningStyle = Automatic;
						TestTargetID = D0724CB51F78E2C200D1AA2B;
					};
				};
			};
			buildConfigurationList = D0724CB11F78E2C200D1AA2B /* Build configuration list for PBXProject "POPExample" */;
			compatibilityVersion = "Xcode 3.2";
			developmentRegion = English;
			hasScannedForEncodings = 0;
			knownRegions = (
				en,
				Base,
			);
			mainGroup = D0724CAD1F78E2C200D1AA2B;
			productRefGroup = D0724CB71F78E2C200D1AA2B /* Products */;
			projectDirPath = "";
			projectRoot = "";
			targets = (
				D0724CB51F78E2C200D1AA2B /* POPExample */,
				D0724CC91F78E2C200D1AA2B /* POPExampleTests */,
				D0724CD41F78E2C200D1AA2B /* POPExampleUITests */,
			);
		};
/* End PBXProject section */

/* Begin PBXResourcesBuildPhase section */
		D0724CB41F78E2C200D1AA2B /* Resources */ = {
			isa = PBXResourcesBuildPhase;
			buildActionMask = 2147483647;
			files = (
				D09FBB991F832A4A008490DE /* Auth.storyboard in Resources */,
				D0724CC41F78E2C200D1AA2B /* LaunchScreen.storyboard in Resources */,
				D0724CC11F78E2C200D1AA2B /* Assets.xcassets in Resources */,
				D0724CBF1F78E2C200D1AA2B /* Main.storyboard in Resources */,
			);
			runOnlyForDeploymentPostprocessing = 0;
		};
		D0724CC81F78E2C200D1AA2B /* Resources */ = {
			isa = PBXResourcesBuildPhase;
			buildActionMask = 2147483647;
			files = (
			);
			runOnlyForDeploymentPostprocessing = 0;
		};
		D0724CD31F78E2C200D1AA2B /* Resources */ = {
			isa = PBXResourcesBuildPhase;
			buildActionMask = 2147483647;
			files = (
			);
			runOnlyForDeploymentPostprocessing = 0;
		};
/* End PBXResourcesBuildPhase section */

/* Begin PBXSourcesBuildPhase section */
		D0724CB21F78E2C200D1AA2B /* Sources */ = {
			isa = PBXSourcesBuildPhase;
			buildActionMask = 2147483647;
			files = (
				D09FBBA01F832B30008490DE /* LoginViewController.swift in Sources */,
				D09FBBA21F832FC7008490DE /* ForgotPasswordViewController.swift in Sources */,
				D0724CED1F78E72200D1AA2B /* BookTableViewCell.swift in Sources */,
				D0724CBC1F78E2C200D1AA2B /* ViewController.swift in Sources */,
				D09FBBA41F832FDC008490DE /* AuthViewController.swift in Sources */,
				D0724CBA1F78E2C200D1AA2B /* AppDelegate.swift in Sources */,
				D09FBBA61F833051008490DE /* SignUpViewController.swift in Sources */,
				D0724CE81F78E2E700D1AA2B /* Movie.swift in Sources */,
				D0724CEF1F78E99000D1AA2B /* UIViewConfigs.swift in Sources */,
			);
			runOnlyForDeploymentPostprocessing = 0;
		};
		D0724CC61F78E2C200D1AA2B /* Sources */ = {
			isa = PBXSourcesBuildPhase;
			buildActionMask = 2147483647;
			files = (
				D0724CCF1F78E2C200D1AA2B /* POPExampleTests.swift in Sources */,
			);
			runOnlyForDeploymentPostprocessing = 0;
		};
		D0724CD11F78E2C200D1AA2B /* Sources */ = {
			isa = PBXSourcesBuildPhase;
			buildActionMask = 2147483647;
			files = (
				D0724CDA1F78E2C200D1AA2B /* POPExampleUITests.swift in Sources */,
			);
			runOnlyForDeploymentPostprocessing = 0;
		};
/* End PBXSourcesBuildPhase section */

/* Begin PBXTargetDependency section */
		D0724CCC1F78E2C200D1AA2B /* PBXTargetDependency */ = {
			isa = PBXTargetDependency;
			target = D0724CB51F78E2C200D1AA2B /* POPExample */;
			targetProxy = D0724CCB1F78E2C200D1AA2B /* PBXContainerItemProxy */;
		};
		D0724CD71F78E2C200D1AA2B /* PBXTargetDependency */ = {
			isa = PBXTargetDependency;
			target = D0724CB51F78E2C200D1AA2B /* POPExample */;
			targetProxy = D0724CD61F78E2C200D1AA2B /* PBXContainerItemProxy */;
		};
/* End PBXTargetDependency section */

/* Begin PBXVariantGroup section */
		D0724CBD1F78E2C200D1AA2B /* Main.storyboard */ = {
			isa = PBXVariantGroup;
			children = (
				D0724CBE1F78E2C200D1AA2B /* Base */,
			);
			name = Main.storyboard;
			sourceTree = "<group>";
		};
		D0724CC21F78E2C200D1AA2B /* LaunchScreen.storyboard */ = {
			isa = PBXVariantGroup;
			children = (
				D0724CC31F78E2C200D1AA2B /* Base */,
			);
			name = LaunchScreen.storyboard;
			sourceTree = "<group>";
		};
/* End PBXVariantGroup section */

/* Begin XCBuildConfiguration section */
		D0724CDC1F78E2C200D1AA2B /* Debug */ = {
			isa = XCBuildConfiguration;
			buildSettings = {
				ALWAYS_SEARCH_USER_PATHS = NO;
				CLANG_ANALYZER_NONNULL = YES;
				CLANG_ANALYZER_NUMBER_OBJECT_CONVERSION = YES_AGGRESSIVE;
				CLANG_CXX_LANGUAGE_STANDARD = "gnu++0x";
				CLANG_CXX_LIBRARY = "libc++";
				CLANG_ENABLE_MODULES = YES;
				CLANG_ENABLE_OBJC_ARC = YES;
				CLANG_WARN_BOOL_CONVERSION = YES;
				CLANG_WARN_CONSTANT_CONVERSION = YES;
				CLANG_WARN_DIRECT_OBJC_ISA_USAGE = YES_ERROR;
				CLANG_WARN_DOCUMENTATION_COMMENTS = YES;
				CLANG_WARN_EMPTY_BODY = YES;
				CLANG_WARN_ENUM_CONVERSION = YES;
				CLANG_WARN_INFINITE_RECURSION = YES;
				CLANG_WARN_INT_CONVERSION = YES;
				CLANG_WARN_OBJC_ROOT_CLASS = YES_ERROR;
				CLANG_WARN_SUSPICIOUS_MOVE = YES;
				CLANG_WARN_UNREACHABLE_CODE = YES;
				CLANG_WARN__DUPLICATE_METHOD_MATCH = YES;
				"CODE_SIGN_IDENTITY[sdk=iphoneos*]" = "iPhone Developer";
				COPY_PHASE_STRIP = NO;
				DEBUG_INFORMATION_FORMAT = dwarf;
				ENABLE_STRICT_OBJC_MSGSEND = YES;
				ENABLE_TESTABILITY = YES;
				GCC_C_LANGUAGE_STANDARD = gnu99;
				GCC_DYNAMIC_NO_PIC = NO;
				GCC_NO_COMMON_BLOCKS = YES;
				GCC_OPTIMIZATION_LEVEL = 0;
				GCC_PREPROCESSOR_DEFINITIONS = (
					"DEBUG=1",
					"$(inherited)",
				);
				GCC_WARN_64_TO_32_BIT_CONVERSION = YES;
				GCC_WARN_ABOUT_RETURN_TYPE = YES_ERROR;
				GCC_WARN_UNDECLARED_SELECTOR = YES;
				GCC_WARN_UNINITIALIZED_AUTOS = YES_AGGRESSIVE;
				GCC_WARN_UNUSED_FUNCTION = YES;
				GCC_WARN_UNUSED_VARIABLE = YES;
				IPHONEOS_DEPLOYMENT_TARGET = 10.3;
				MTL_ENABLE_DEBUG_INFO = YES;
				ONLY_ACTIVE_ARCH = YES;
				SDKROOT = iphoneos;
				SWIFT_ACTIVE_COMPILATION_CONDITIONS = DEBUG;
				SWIFT_OPTIMIZATION_LEVEL = "-Onone";
				TARGETED_DEVICE_FAMILY = "1,2";
			};
			name = Debug;
		};
		D0724CDD1F78E2C200D1AA2B /* Release */ = {
			isa = XCBuildConfiguration;
			buildSettings = {
				ALWAYS_SEARCH_USER_PATHS = NO;
				CLANG_ANALYZER_NONNULL = YES;
				CLANG_ANALYZER_NUMBER_OBJECT_CONVERSION = YES_AGGRESSIVE;
				CLANG_CXX_LANGUAGE_STANDARD = "gnu++0x";
				CLANG_CXX_LIBRARY = "libc++";
				CLANG_ENABLE_MODULES = YES;
				CLANG_ENABLE_OBJC_ARC = YES;
				CLANG_WARN_BOOL_CONVERSION = YES;
				CLANG_WARN_CONSTANT_CONVERSION = YES;
				CLANG_WARN_DIRECT_OBJC_ISA_USAGE = YES_ERROR;
				CLANG_WARN_DOCUMENTATION_COMMENTS = YES;
				CLANG_WARN_EMPTY_BODY = YES;
				CLANG_WARN_ENUM_CONVERSION = YES;
				CLANG_WARN_INFINITE_RECURSION = YES;
				CLANG_WARN_INT_CONVERSION = YES;
				CLANG_WARN_OBJC_ROOT_CLASS = YES_ERROR;
				CLANG_WARN_SUSPICIOUS_MOVE = YES;
				CLANG_WARN_UNREACHABLE_CODE = YES;
				CLANG_WARN__DUPLICATE_METHOD_MATCH = YES;
				"CODE_SIGN_IDENTITY[sdk=iphoneos*]" = "iPhone Developer";
				COPY_PHASE_STRIP = NO;
				DEBUG_INFORMATION_FORMAT = "dwarf-with-dsym";
				ENABLE_NS_ASSERTIONS = NO;
				ENABLE_STRICT_OBJC_MSGSEND = YES;
				GCC_C_LANGUAGE_STANDARD = gnu99;
				GCC_NO_COMMON_BLOCKS = YES;
				GCC_WARN_64_TO_32_BIT_CONVERSION = YES;
				GCC_WARN_ABOUT_RETURN_TYPE = YES_ERROR;
				GCC_WARN_UNDECLARED_SELECTOR = YES;
				GCC_WARN_UNINITIALIZED_AUTOS = YES_AGGRESSIVE;
				GCC_WARN_UNUSED_FUNCTION = YES;
				GCC_WARN_UNUSED_VARIABLE = YES;
				IPHONEOS_DEPLOYMENT_TARGET = 10.3;
				MTL_ENABLE_DEBUG_INFO = NO;
				SDKROOT = iphoneos;
				SWIFT_OPTIMIZATION_LEVEL = "-Owholemodule";
				TARGETED_DEVICE_FAMILY = "1,2";
				VALIDATE_PRODUCT = YES;
			};
			name = Release;
		};
		D0724CDF1F78E2C200D1AA2B /* Debug */ = {
			isa = XCBuildConfiguration;
			buildSettings = {
				ASSETCATALOG_COMPILER_APPICON_NAME = AppIcon;
				INFOPLIST_FILE = POPExample/Info.plist;
				LD_RUNPATH_SEARCH_PATHS = "$(inherited) @executable_path/Frameworks";
				PRODUCT_BUNDLE_IDENTIFIER = com.home.POPExample;
				PRODUCT_NAME = "$(TARGET_NAME)";
				SWIFT_VERSION = 3.0;
			};
			name = Debug;
		};
		D0724CE01F78E2C200D1AA2B /* Release */ = {
			isa = XCBuildConfiguration;
			buildSettings = {
				ASSETCATALOG_COMPILER_APPICON_NAME = AppIcon;
				INFOPLIST_FILE = POPExample/Info.plist;
				LD_RUNPATH_SEARCH_PATHS = "$(inherited) @executable_path/Frameworks";
				PRODUCT_BUNDLE_IDENTIFIER = com.home.POPExample;
				PRODUCT_NAME = "$(TARGET_NAME)";
				SWIFT_VERSION = 3.0;
			};
			name = Release;
		};
		D0724CE21F78E2C200D1AA2B /* Debug */ = {
			isa = XCBuildConfiguration;
			buildSettings = {
				ALWAYS_EMBED_SWIFT_STANDARD_LIBRARIES = YES;
				BUNDLE_LOADER = "$(TEST_HOST)";
				INFOPLIST_FILE = POPExampleTests/Info.plist;
				LD_RUNPATH_SEARCH_PATHS = "$(inherited) @executable_path/Frameworks @loader_path/Frameworks";
				PRODUCT_BUNDLE_IDENTIFIER = com.home.POPExampleTests;
				PRODUCT_NAME = "$(TARGET_NAME)";
				SWIFT_VERSION = 3.0;
				TEST_HOST = "$(BUILT_PRODUCTS_DIR)/POPExample.app/POPExample";
			};
			name = Debug;
		};
		D0724CE31F78E2C200D1AA2B /* Release */ = {
			isa = XCBuildConfiguration;
			buildSettings = {
				ALWAYS_EMBED_SWIFT_STANDARD_LIBRARIES = YES;
				BUNDLE_LOADER = "$(TEST_HOST)";
				INFOPLIST_FILE = POPExampleTests/Info.plist;
				LD_RUNPATH_SEARCH_PATHS = "$(inherited) @executable_path/Frameworks @loader_path/Frameworks";
				PRODUCT_BUNDLE_IDENTIFIER = com.home.POPExampleTests;
				PRODUCT_NAME = "$(TARGET_NAME)";
				SWIFT_VERSION = 3.0;
				TEST_HOST = "$(BUILT_PRODUCTS_DIR)/POPExample.app/POPExample";
			};
			name = Release;
		};
		D0724CE51F78E2C200D1AA2B /* Debug */ = {
			isa = XCBuildConfiguration;
			buildSettings = {
				ALWAYS_EMBED_SWIFT_STANDARD_LIBRARIES = YES;
				INFOPLIST_FILE = POPExampleUITests/Info.plist;
				LD_RUNPATH_SEARCH_PATHS = "$(inherited) @executable_path/Frameworks @loader_path/Frameworks";
				PRODUCT_BUNDLE_IDENTIFIER = com.home.POPExampleUITests;
				PRODUCT_NAME = "$(TARGET_NAME)";
				SWIFT_VERSION = 3.0;
				TEST_TARGET_NAME = POPExample;
			};
			name = Debug;
		};
		D0724CE61F78E2C200D1AA2B /* Release */ = {
			isa = XCBuildConfiguration;
			buildSettings = {
				ALWAYS_EMBED_SWIFT_STANDARD_LIBRARIES = YES;
				INFOPLIST_FILE = POPExampleUITests/Info.plist;
				LD_RUNPATH_SEARCH_PATHS = "$(inherited) @executable_path/Frameworks @loader_path/Frameworks";
				PRODUCT_BUNDLE_IDENTIFIER = com.home.POPExampleUITests;
				PRODUCT_NAME = "$(TARGET_NAME)";
				SWIFT_VERSION = 3.0;
				TEST_TARGET_NAME = POPExample;
			};
			name = Release;
		};
/* End XCBuildConfiguration section */

/* Begin XCConfigurationList section */
		D0724CB11F78E2C200D1AA2B /* Build configuration list for PBXProject "POPExample" */ = {
			isa = XCConfigurationList;
			buildConfigurations = (
				D0724CDC1F78E2C200D1AA2B /* Debug */,
				D0724CDD1F78E2C200D1AA2B /* Release */,
			);
			defaultConfigurationIsVisible = 0;
			defaultConfigurationName = Release;
		};
		D0724CDE1F78E2C200D1AA2B /* Build configuration list for PBXNativeTarget "POPExample" */ = {
			isa = XCConfigurationList;
			buildConfigurations = (
				D0724CDF1F78E2C200D1AA2B /* Debug */,
				D0724CE01F78E2C200D1AA2B /* Release */,
			);
			defaultConfigurationIsVisible = 0;
			defaultConfigurationName = Release;
		};
		D0724CE11F78E2C200D1AA2B /* Build configuration list for PBXNativeTarget "POPExampleTests" */ = {
			isa = XCConfigurationList;
			buildConfigurations = (
				D0724CE21F78E2C200D1AA2B /* Debug */,
				D0724CE31F78E2C200D1AA2B /* Release */,
			);
			defaultConfigurationIsVisible = 0;
			defaultConfigurationName = Release;
		};
		D0724CE41F78E2C200D1AA2B /* Build configuration list for PBXNativeTarget "POPExampleUITests" */ = {
			isa = XCConfigurationList;
			buildConfigurations = (
				D0724CE51F78E2C200D1AA2B /* Debug */,
				D0724CE61F78E2C200D1AA2B /* Release */,
			);
			defaultConfigurationIsVisible = 0;
			defaultConfigurationName = Release;
		};
/* End XCConfigurationList section */
	};
	rootObject = D0724CAE1F78E2C200D1AA2B /* Project object */;
}
