// !$*UTF8*$!
{
	archiveVersion = 1;
	classes = {
	};
	objectVersion = 46;
	objects = {

/* Begin PBXBuildFile section */
		59CCFCED664E6DDD4BFC49B9 /* Pods_POPExample.framework in Frameworks */ = {isa = PBXBuildFile; fileRef = 2A803D7409113F690C1B2C14 /* Pods_POPExample.framework */; };
		8B2B8CE57B3DD1DDBF61A7FF /* Pods_POPExampleUITests.framework in Frameworks */ = {isa = PBXBuildFile; fileRef = 9988730FBEAF3E68669BDD63 /* Pods_POPExampleUITests.framework */; };
		A4A9695EDF09F1DF9535410D /* Pods_POPExampleTests.framework in Frameworks */ = {isa = PBXBuildFile; fileRef = 7C77120D28E03B18CFEE76F5 /* Pods_POPExampleTests.framework */; };
		D01D2F6B1F9465DC0000826A /* GoogleService-Info.plist in Resources */ = {isa = PBXBuildFile; fileRef = D01D2F6A1F9465DC0000826A /* GoogleService-Info.plist */; };
		D01D2F6F1F9466170000826A /* BookTableViewCell.swift in Sources */ = {isa = PBXBuildFile; fileRef = D01D2F6D1F9466170000826A /* BookTableViewCell.swift */; };
		D01D2F701F9466170000826A /* UIViewConfigs.swift in Sources */ = {isa = PBXBuildFile; fileRef = D01D2F6E1F9466170000826A /* UIViewConfigs.swift */; };
		D01D2F731F9466450000826A /* Movie.swift in Sources */ = {isa = PBXBuildFile; fileRef = D01D2F721F9466450000826A /* Movie.swift */; };
		D01D2F791F94668B0000826A /* Auth.storyboard in Resources */ = {isa = PBXBuildFile; fileRef = D01D2F771F94668B0000826A /* Auth.storyboard */; };
		D01D2F7C1F9482540000826A /* UITextFieldExtentions.swift in Sources */ = {isa = PBXBuildFile; fileRef = D01D2F7B1F9482540000826A /* UITextFieldExtentions.swift */; };
		D01D2F7F1F9702910000826A /* ViewController.swift in Sources */ = {isa = PBXBuildFile; fileRef = D01D2F7E1F9702910000826A /* ViewController.swift */; };
		D055F06E1F974279008E11D3 /* ViewControllerExtentions.swift in Sources */ = {isa = PBXBuildFile; fileRef = D055F06D1F974279008E11D3 /* ViewControllerExtentions.swift */; };
		D055F0701F974368008E11D3 /* BaseViewController.swift in Sources */ = {isa = PBXBuildFile; fileRef = D055F06F1F974368008E11D3 /* BaseViewController.swift */; };
		D055F0721F97561B008E11D3 /* AuthManagerViewController.swift in Sources */ = {isa = PBXBuildFile; fileRef = D055F0711F97561B008E11D3 /* AuthManagerViewController.swift */; };
		D055F0741F975AA4008E11D3 /* UserProfileViewController.swift in Sources */ = {isa = PBXBuildFile; fileRef = D055F0731F975AA4008E11D3 /* UserProfileViewController.swift */; };
		D055F0781F97687C008E11D3 /* StoryboardExtension.swift in Sources */ = {isa = PBXBuildFile; fileRef = D055F0771F97687C008E11D3 /* StoryboardExtension.swift */; };
		D0724CBA1F78E2C200D1AA2B /* AppDelegate.swift in Sources */ = {isa = PBXBuildFile; fileRef = D0724CB91F78E2C200D1AA2B /* AppDelegate.swift */; };
		D0724CBF1F78E2C200D1AA2B /* Main.storyboard in Resources */ = {isa = PBXBuildFile; fileRef = D0724CBD1F78E2C200D1AA2B /* Main.storyboard */; };
		D0724CC11F78E2C200D1AA2B /* Assets.xcassets in Resources */ = {isa = PBXBuildFile; fileRef = D0724CC01F78E2C200D1AA2B /* Assets.xcassets */; };
		D0724CC41F78E2C200D1AA2B /* LaunchScreen.storyboard in Resources */ = {isa = PBXBuildFile; fileRef = D0724CC21F78E2C200D1AA2B /* LaunchScreen.storyboard */; };
		D0724CCF1F78E2C200D1AA2B /* POPExampleTests.swift in Sources */ = {isa = PBXBuildFile; fileRef = D0724CCE1F78E2C200D1AA2B /* POPExampleTests.swift */; };
		D0724CDA1F78E2C200D1AA2B /* POPExampleUITests.swift in Sources */ = {isa = PBXBuildFile; fileRef = D0724CD91F78E2C200D1AA2B /* POPExampleUITests.swift */; };
		D09FBBA01F832B30008490DE /* LoginViewController.swift in Sources */ = {isa = PBXBuildFile; fileRef = D09FBB9F1F832B30008490DE /* LoginViewController.swift */; };
		D09FBBA21F832FC7008490DE /* ForgotPasswordViewController.swift in Sources */ = {isa = PBXBuildFile; fileRef = D09FBBA11F832FC7008490DE /* ForgotPasswordViewController.swift */; };
		D09FBBA41F832FDC008490DE /* AuthViewController.swift in Sources */ = {isa = PBXBuildFile; fileRef = D09FBBA31F832FDC008490DE /* AuthViewController.swift */; };
		D09FBBA61F833051008490DE /* SignUpViewController.swift in Sources */ = {isa = PBXBuildFile; fileRef = D09FBBA51F833051008490DE /* SignUpViewController.swift */; };
/* End PBXBuildFile section */

/* Begin PBXContainerItemProxy section */
		D0724CCB1F78E2C200D1AA2B /* PBXContainerItemProxy */ = {
			isa = PBXContainerItemProxy;
			containerPortal = D0724CAE1F78E2C200D1AA2B /* Project object */;
			proxyType = 1;
			remoteGlobalIDString = D0724CB51F78E2C200D1AA2B;
			remoteInfo = POPExample;
		};
		D0724CD61F78E2C200D1AA2B /* PBXContainerItemProxy */ = {
			isa = PBXContainerItemProxy;
			containerPortal = D0724CAE1F78E2C200D1AA2B /* Project object */;
			proxyType = 1;
			remoteGlobalIDString = D0724CB51F78E2C200D1AA2B;
			remoteInfo = POPExample;
		};
/* End PBXContainerItemProxy section */

/* Begin PBXFileReference section */
		1E5870B21600F6EAC8FFD8C7 /* Pods-POPExample.release.xcconfig */ = {isa = PBXFileReference; includeInIndex = 1; lastKnownFileType = text.xcconfig; name = "Pods-POPExample.release.xcconfig"; path = "Pods/Target Support Files/Pods-POPExample/Pods-POPExample.release.xcconfig"; sourceTree = "<group>"; };
		21A3E3A6B5FF973CD2F385E0 /* Pods-POPExampleTests.release.xcconfig */ = {isa = PBXFileReference; includeInIndex = 1; lastKnownFileType = text.xcconfig; name = "Pods-POPExampleTests.release.xcconfig"; path = "Pods/Target Support Files/Pods-POPExampleTests/Pods-POPExampleTests.release.xcconfig"; sourceTree = "<group>"; };
		23D5104926946E448A077E7B /* Pods-POPExampleTests.debug.xcconfig */ = {isa = PBXFileReference; includeInIndex = 1; lastKnownFileType = text.xcconfig; name = "Pods-POPExampleTests.debug.xcconfig"; path = "Pods/Target Support Files/Pods-POPExampleTests/Pods-POPExampleTests.debug.xcconfig"; sourceTree = "<group>"; };
		2A803D7409113F690C1B2C14 /* Pods_POPExample.framework */ = {isa = PBXFileReference; explicitFileType = wrapper.framework; includeInIndex = 0; path = Pods_POPExample.framework; sourceTree = BUILT_PRODUCTS_DIR; };
		3B81E0C4FF82B11227711F8A /* Pods-POPExampleUITests.release.xcconfig */ = {isa = PBXFileReference; includeInIndex = 1; lastKnownFileType = text.xcconfig; name = "Pods-POPExampleUITests.release.xcconfig"; path = "Pods/Target Support Files/Pods-POPExampleUITests/Pods-POPExampleUITests.release.xcconfig"; sourceTree = "<group>"; };
		7C77120D28E03B18CFEE76F5 /* Pods_POPExampleTests.framework */ = {isa = PBXFileReference; explicitFileType = wrapper.framework; includeInIndex = 0; path = Pods_POPExampleTests.framework; sourceTree = BUILT_PRODUCTS_DIR; };
		85F8D421FA9BF9F4FF980B60 /* Pods-POPExample.debug.xcconfig */ = {isa = PBXFileReference; includeInIndex = 1; lastKnownFileType = text.xcconfig; name = "Pods-POPExample.debug.xcconfig"; path = "Pods/Target Support Files/Pods-POPExample/Pods-POPExample.debug.xcconfig"; sourceTree = "<group>"; };
		9988730FBEAF3E68669BDD63 /* Pods_POPExampleUITests.framework */ = {isa = PBXFileReference; explicitFileType = wrapper.framework; includeInIndex = 0; path = Pods_POPExampleUITests.framework; sourceTree = BUILT_PRODUCTS_DIR; };
		D01D2F6A1F9465DC0000826A /* GoogleService-Info.plist */ = {isa = PBXFileReference; fileEncoding = 4; lastKnownFileType = text.plist.xml; path = "GoogleService-Info.plist"; sourceTree = "<group>"; };
		D01D2F6D1F9466170000826A /* BookTableViewCell.swift */ = {isa = PBXFileReference; fileEncoding = 4; lastKnownFileType = sourcecode.swift; path = BookTableViewCell.swift; sourceTree = "<group>"; };
		D01D2F6E1F9466170000826A /* UIViewConfigs.swift */ = {isa = PBXFileReference; fileEncoding = 4; lastKnownFileType = sourcecode.swift; path = UIViewConfigs.swift; sourceTree = "<group>"; };
		D01D2F721F9466450000826A /* Movie.swift */ = {isa = PBXFileReference; fileEncoding = 4; lastKnownFileType = sourcecode.swift; path = Movie.swift; sourceTree = "<group>"; };
		D01D2F781F94668B0000826A /* Base */ = {isa = PBXFileReference; lastKnownFileType = file.storyboard; name = Base; path = Base.lproj/Auth.storyboard; sourceTree = "<group>"; };
		D01D2F7B1F9482540000826A /* UITextFieldExtentions.swift */ = {isa = PBXFileReference; fileEncoding = 4; lastKnownFileType = sourcecode.swift; path = UITextFieldExtentions.swift; sourceTree = "<group>"; };
		D01D2F7E1F9702910000826A /* ViewController.swift */ = {isa = PBXFileReference; fileEncoding = 4; lastKnownFileType = sourcecode.swift; path = ViewController.swift; sourceTree = "<group>"; };
		D055F06D1F974279008E11D3 /* ViewControllerExtentions.swift */ = {isa = PBXFileReference; fileEncoding = 4; lastKnownFileType = sourcecode.swift; path = ViewControllerExtentions.swift; sourceTree = "<group>"; };
		D055F06F1F974368008E11D3 /* BaseViewController.swift */ = {isa = PBXFileReference; fileEncoding = 4; lastKnownFileType = sourcecode.swift; path = BaseViewController.swift; sourceTree = "<group>"; };
		D055F0711F97561B008E11D3 /* AuthManagerViewController.swift */ = {isa = PBXFileReference; fileEncoding = 4; lastKnownFileType = sourcecode.swift; path = AuthManagerViewController.swift; sourceTree = "<group>"; };
		D055F0731F975AA4008E11D3 /* UserProfileViewController.swift */ = {isa = PBXFileReference; fileEncoding = 4; lastKnownFileType = sourcecode.swift; path = UserProfileViewController.swift; sourceTree = "<group>"; };
		D055F0771F97687C008E11D3 /* StoryboardExtension.swift */ = {isa = PBXFileReference; fileEncoding = 4; lastKnownFileType = sourcecode.swift; path = StoryboardExtension.swift; sourceTree = "<group>"; };
		D0724CB61F78E2C200D1AA2B /* POPExample.app */ = {isa = PBXFileReference; explicitFileType = wrapper.application; includeInIndex = 0; path = POPExample.app; sourceTree = BUILT_PRODUCTS_DIR; };
		D0724CB91F78E2C200D1AA2B /* AppDelegate.swift */ = {isa = PBXFileReference; lastKnownFileType = sourcecode.swift; path = AppDelegate.swift; sourceTree = "<group>"; };
		D0724CBE1F78E2C200D1AA2B /* Base */ = {isa = PBXFileReference; lastKnownFileType = file.storyboard; name = Base; path = Base.lproj/Main.storyboard; sourceTree = "<group>"; };
		D0724CC01F78E2C200D1AA2B /* Assets.xcassets */ = {isa = PBXFileReference; lastKnownFileType = folder.assetcatalog; path = Assets.xcassets; sourceTree = "<group>"; };
		D0724CC31F78E2C200D1AA2B /* Base */ = {isa = PBXFileReference; lastKnownFileType = file.storyboard; name = Base; path = Base.lproj/LaunchScreen.storyboard; sourceTree = "<group>"; };
		D0724CC51F78E2C200D1AA2B /* Info.plist */ = {isa = PBXFileReference; lastKnownFileType = text.plist.xml; path = Info.plist; sourceTree = "<group>"; };
		D0724CCA1F78E2C200D1AA2B /* POPExampleTests.xctest */ = {isa = PBXFileReference; explicitFileType = wrapper.cfbundle; includeInIndex = 0; path = POPExampleTests.xctest; sourceTree = BUILT_PRODUCTS_DIR; };
		D0724CCE1F78E2C200D1AA2B /* POPExampleTests.swift */ = {isa = PBXFileReference; lastKnownFileType = sourcecode.swift; path = POPExampleTests.swift; sourceTree = "<group>"; };
		D0724CD01F78E2C200D1AA2B /* Info.plist */ = {isa = PBXFileReference; lastKnownFileType = text.plist.xml; path = Info.plist; sourceTree = "<group>"; };
		D0724CD51F78E2C200D1AA2B /* POPExampleUITests.xctest */ = {isa = PBXFileReference; explicitFileType = wrapper.cfbundle; includeInIndex = 0; path = POPExampleUITests.xctest; sourceTree = BUILT_PRODUCTS_DIR; };
		D0724CD91F78E2C200D1AA2B /* POPExampleUITests.swift */ = {isa = PBXFileReference; lastKnownFileType = sourcecode.swift; path = POPExampleUITests.swift; sourceTree = "<group>"; };
		D0724CDB1F78E2C200D1AA2B /* Info.plist */ = {isa = PBXFileReference; lastKnownFileType = text.plist.xml; path = Info.plist; sourceTree = "<group>"; };
		D09FBB9F1F832B30008490DE /* LoginViewController.swift */ = {isa = PBXFileReference; fileEncoding = 4; lastKnownFileType = sourcecode.swift; path = LoginViewController.swift; sourceTree = "<group>"; };
		D09FBBA11F832FC7008490DE /* ForgotPasswordViewController.swift */ = {isa = PBXFileReference; fileEncoding = 4; lastKnownFileType = sourcecode.swift; path = ForgotPasswordViewController.swift; sourceTree = "<group>"; };
		D09FBBA31F832FDC008490DE /* AuthViewController.swift */ = {isa = PBXFileReference; fileEncoding = 4; lastKnownFileType = sourcecode.swift; path = AuthViewController.swift; sourceTree = "<group>"; };
		D09FBBA51F833051008490DE /* SignUpViewController.swift */ = {isa = PBXFileReference; fileEncoding = 4; lastKnownFileType = sourcecode.swift; path = SignUpViewController.swift; sourceTree = "<group>"; };
		FFAE37C28F93929D5F586B86 /* Pods-POPExampleUITests.debug.xcconfig */ = {isa = PBXFileReference; includeInIndex = 1; lastKnownFileType = text.xcconfig; name = "Pods-POPExampleUITests.debug.xcconfig"; path = "Pods/Target Support Files/Pods-POPExampleUITests/Pods-POPExampleUITests.debug.xcconfig"; sourceTree = "<group>"; };
/* End PBXFileReference section */

/* Begin PBXFrameworksBuildPhase section */
		D0724CB31F78E2C200D1AA2B /* Frameworks */ = {
			isa = PBXFrameworksBuildPhase;
			buildActionMask = 2147483647;
			files = (
				59CCFCED664E6DDD4BFC49B9 /* Pods_POPExample.framework in Frameworks */,
			);
			runOnlyForDeploymentPostprocessing = 0;
		};
		D0724CC71F78E2C200D1AA2B /* Frameworks */ = {
			isa = PBXFrameworksBuildPhase;
			buildActionMask = 2147483647;
			files = (
				A4A9695EDF09F1DF9535410D /* Pods_POPExampleTests.framework in Frameworks */,
			);
			runOnlyForDeploymentPostprocessing = 0;
		};
		D0724CD21F78E2C200D1AA2B /* Frameworks */ = {
			isa = PBXFrameworksBuildPhase;
			buildActionMask = 2147483647;
			files = (
				8B2B8CE57B3DD1DDBF61A7FF /* Pods_POPExampleUITests.framework in Frameworks */,
			);
			runOnlyForDeploymentPostprocessing = 0;
		};
/* End PBXFrameworksBuildPhase section */

/* Begin PBXGroup section */
		82B29D0EC6A44AE593A40410 /* Pods */ = {
			isa = PBXGroup;
			children = (
				85F8D421FA9BF9F4FF980B60 /* Pods-POPExample.debug.xcconfig */,
				1E5870B21600F6EAC8FFD8C7 /* Pods-POPExample.release.xcconfig */,
				23D5104926946E448A077E7B /* Pods-POPExampleTests.debug.xcconfig */,
				21A3E3A6B5FF973CD2F385E0 /* Pods-POPExampleTests.release.xcconfig */,
				FFAE37C28F93929D5F586B86 /* Pods-POPExampleUITests.debug.xcconfig */,
				3B81E0C4FF82B11227711F8A /* Pods-POPExampleUITests.release.xcconfig */,
			);
			name = Pods;
			sourceTree = "<group>";
		};
		C209A6316EC2F268A7C04A28 /* Frameworks */ = {
			isa = PBXGroup;
			children = (
				2A803D7409113F690C1B2C14 /* Pods_POPExample.framework */,
				7C77120D28E03B18CFEE76F5 /* Pods_POPExampleTests.framework */,
				9988730FBEAF3E68669BDD63 /* Pods_POPExampleUITests.framework */,
			);
			name = Frameworks;
			sourceTree = "<group>";
		};
		D01D2F691F9465A80000826A /* Resources */ = {
			isa = PBXGroup;
			children = (
				D01D2F6A1F9465DC0000826A /* GoogleService-Info.plist */,
			);
			name = Resources;
			sourceTree = "<group>";
		};
		D01D2F6C1F9466170000826A /* Views */ = {
			isa = PBXGroup;
			children = (
				D01D2F6D1F9466170000826A /* BookTableViewCell.swift */,
				D01D2F6E1F9466170000826A /* UIViewConfigs.swift */,
				D01D2F7B1F9482540000826A /* UITextFieldExtentions.swift */,
			);
			path = Views;
			sourceTree = "<group>";
		};
		D01D2F711F9466450000826A /* Models */ = {
			isa = PBXGroup;
			children = (
				D01D2F721F9466450000826A /* Movie.swift */,
			);
			path = Models;
			sourceTree = "<group>";
		};
		D01D2F7A1F9470F20000826A /* Nibs */ = {
			isa = PBXGroup;
			children = (
			);
			path = Nibs;
			sourceTree = "<group>";
		};
		D01D2F7D1F9702910000826A /* Main */ = {
			isa = PBXGroup;
			children = (
				D01D2F7E1F9702910000826A /* ViewController.swift */,
			);
			path = Main;
			sourceTree = "<group>";
		};
		D0724CAD1F78E2C200D1AA2B = {
			isa = PBXGroup;
			children = (
				D0724CB81F78E2C200D1AA2B /* POPExample */,
				D0724CCD1F78E2C200D1AA2B /* POPExampleTests */,
				D0724CD81F78E2C200D1AA2B /* POPExampleUITests */,
				D0724CB71F78E2C200D1AA2B /* Products */,
				82B29D0EC6A44AE593A40410 /* Pods */,
				C209A6316EC2F268A7C04A28 /* Frameworks */,
			);
			sourceTree = "<group>";
		};
		D0724CB71F78E2C200D1AA2B /* Products */ = {
			isa = PBXGroup;
			children = (
				D0724CB61F78E2C200D1AA2B /* POPExample.app */,
				D0724CCA1F78E2C200D1AA2B /* POPExampleTests.xctest */,
				D0724CD51F78E2C200D1AA2B /* POPExampleUITests.xctest */,
			);
			name = Products;
			sourceTree = "<group>";
		};
		D0724CB81F78E2C200D1AA2B /* POPExample */ = {
			isa = PBXGroup;
			children = (
				D01D2F711F9466450000826A /* Models */,
				D0724CEA1F78E5DB00D1AA2B /* Extentions */,
				D01D2F6C1F9466170000826A /* Views */,
				D09FBB9E1F832B0A008490DE /* Auth */,
				D01D2F7D1F9702910000826A /* Main */,
				D0724CB91F78E2C200D1AA2B /* AppDelegate.swift */,
				D09FBBA71F833732008490DE /* Storyboards */,
				D01D2F7A1F9470F20000826A /* Nibs */,
				D0724CC01F78E2C200D1AA2B /* Assets.xcassets */,
				D01D2F691F9465A80000826A /* Resources */,
				D0724CC51F78E2C200D1AA2B /* Info.plist */,
				D055F06F1F974368008E11D3 /* BaseViewController.swift */,
			);
			path = POPExample;
			sourceTree = "<group>";
		};
		D0724CCD1F78E2C200D1AA2B /* POPExampleTests */ = {
			isa = PBXGroup;
			children = (
				D0724CCE1F78E2C200D1AA2B /* POPExampleTests.swift */,
				D0724CD01F78E2C200D1AA2B /* Info.plist */,
			);
			path = POPExampleTests;
			sourceTree = "<group>";
		};
		D0724CD81F78E2C200D1AA2B /* POPExampleUITests */ = {
			isa = PBXGroup;
			children = (
				D0724CD91F78E2C200D1AA2B /* POPExampleUITests.swift */,
				D0724CDB1F78E2C200D1AA2B /* Info.plist */,
			);
			path = POPExampleUITests;
			sourceTree = "<group>";
		};
		D0724CEA1F78E5DB00D1AA2B /* Extentions */ = {
			isa = PBXGroup;
			children = (
				D055F06D1F974279008E11D3 /* ViewControllerExtentions.swift */,
				D055F0771F97687C008E11D3 /* StoryboardExtension.swift */,
			);
			name = Extentions;
			sourceTree = "<group>";
		};
		D09FBB9E1F832B0A008490DE /* Auth */ = {
			isa = PBXGroup;
			children = (
				D09FBBA31F832FDC008490DE /* AuthViewController.swift */,
				D055F0711F97561B008E11D3 /* AuthManagerViewController.swift */,
				D09FBB9F1F832B30008490DE /* LoginViewController.swift */,
				D09FBBA11F832FC7008490DE /* ForgotPasswordViewController.swift */,
				D09FBBA51F833051008490DE /* SignUpViewController.swift */,
				D055F0731F975AA4008E11D3 /* UserProfileViewController.swift */,
			);
			path = Auth;
			sourceTree = "<group>";
		};
		D09FBBA71F833732008490DE /* Storyboards */ = {
			isa = PBXGroup;
			children = (
				D0724CC21F78E2C200D1AA2B /* LaunchScreen.storyboard */,
				D0724CBD1F78E2C200D1AA2B /* Main.storyboard */,
				D01D2F771F94668B0000826A /* Auth.storyboard */,
			);
			name = Storyboards;
			sourceTree = "<group>";
		};
/* End PBXGroup section */

/* Begin PBXNativeTarget section */
		D0724CB51F78E2C200D1AA2B /* POPExample */ = {
			isa = PBXNativeTarget;
			buildConfigurationList = D0724CDE1F78E2C200D1AA2B /* Build configuration list for PBXNativeTarget "POPExample" */;
			buildPhases = (
				00902A076B50CC3B2C9333E2 /* [CP] Check Pods Manifest.lock */,
				D0724CB21F78E2C200D1AA2B /* Sources */,
				D0724CB31F78E2C200D1AA2B /* Frameworks */,
				D0724CB41F78E2C200D1AA2B /* Resources */,
				064BEF420BB428FAC700F1FB /* [CP] Embed Pods Frameworks */,
				22EC1E695FCBB19E9BF6765D /* [CP] Copy Pods Resources */,
			);
			buildRules = (
			);
			dependencies = (
			);
			name = POPExample;
			productName = POPExample;
			productReference = D0724CB61F78E2C200D1AA2B /* POPExample.app */;
			productType = "com.apple.product-type.application";
		};
		D0724CC91F78E2C200D1AA2B /* POPExampleTests */ = {
			isa = PBXNativeTarget;
			buildConfigurationList = D0724CE11F78E2C200D1AA2B /* Build configuration list for PBXNativeTarget "POPExampleTests" */;
			buildPhases = (
				54982798D20FCBF96EF674CC /* [CP] Check Pods Manifest.lock */,
				D0724CC61F78E2C200D1AA2B /* Sources */,
				D0724CC71F78E2C200D1AA2B /* Frameworks */,
				D0724CC81F78E2C200D1AA2B /* Resources */,
				14258C361A8C21095AB6C86B /* [CP] Embed Pods Frameworks */,
				B68F7CAC202AAE34C85EEA1D /* [CP] Copy Pods Resources */,
			);
			buildRules = (
			);
			dependencies = (
				D0724CCC1F78E2C200D1AA2B /* PBXTargetDependency */,
			);
			name = POPExampleTests;
			productName = POPExampleTests;
			productReference = D0724CCA1F78E2C200D1AA2B /* POPExampleTests.xctest */;
			productType = "com.apple.product-type.bundle.unit-test";
		};
		D0724CD41F78E2C200D1AA2B /* POPExampleUITests */ = {
			isa = PBXNativeTarget;
			buildConfigurationList = D0724CE41F78E2C200D1AA2B /* Build configuration list for PBXNativeTarget "POPExampleUITests" */;
			buildPhases = (
				DB6E5F1F1655A5E1740ADE91 /* [CP] Check Pods Manifest.lock */,
				D0724CD11F78E2C200D1AA2B /* Sources */,
				D0724CD21F78E2C200D1AA2B /* Frameworks */,
				D0724CD31F78E2C200D1AA2B /* Resources */,
				077B1725706B9BFC3E450E67 /* [CP] Embed Pods Frameworks */,
				4F7C25D5ADD2D04B439AA223 /* [CP] Copy Pods Resources */,
			);
			buildRules = (
			);
			dependencies = (
				D0724CD71F78E2C200D1AA2B /* PBXTargetDependency */,
			);
			name = POPExampleUITests;
			productName = POPExampleUITests;
			productReference = D0724CD51F78E2C200D1AA2B /* POPExampleUITests.xctest */;
			productType = "com.apple.product-type.bundle.ui-testing";
		};
/* End PBXNativeTarget section */

/* Begin PBXProject section */
		D0724CAE1F78E2C200D1AA2B /* Project object */ = {
			isa = PBXProject;
			attributes = {
				LastSwiftUpdateCheck = 0830;
				LastUpgradeCheck = 0830;
				ORGANIZATIONNAME = "Quoc Tran";
				TargetAttributes = {
					D0724CB51F78E2C200D1AA2B = {
						CreatedOnToolsVersion = 8.3.3;
						DevelopmentTeam = 2EX99YN5P9;
						ProvisioningStyle = Automatic;
					};
					D0724CC91F78E2C200D1AA2B = {
						CreatedOnToolsVersion = 8.3.3;
						ProvisioningStyle = Automatic;
						TestTargetID = D0724CB51F78E2C200D1AA2B;
					};
					D0724CD41F78E2C200D1AA2B = {
						CreatedOnToolsVersion = 8.3.3;
						ProvisioningStyle = Automatic;
						TestTargetID = D0724CB51F78E2C200D1AA2B;
					};
				};
			};
			buildConfigurationList = D0724CB11F78E2C200D1AA2B /* Build configuration list for PBXProject "POPExample" */;
			compatibilityVersion = "Xcode 3.2";
			developmentRegion = English;
			hasScannedForEncodings = 0;
			knownRegions = (
				en,
				Base,
			);
			mainGroup = D0724CAD1F78E2C200D1AA2B;
			productRefGroup = D0724CB71F78E2C200D1AA2B /* Products */;
			projectDirPath = "";
			projectRoot = "";
			targets = (
				D0724CB51F78E2C200D1AA2B /* POPExample */,
				D0724CC91F78E2C200D1AA2B /* POPExampleTests */,
				D0724CD41F78E2C200D1AA2B /* POPExampleUITests */,
			);
		};
/* End PBXProject section */

/* Begin PBXResourcesBuildPhase section */
		D0724CB41F78E2C200D1AA2B /* Resources */ = {
			isa = PBXResourcesBuildPhase;
			buildActionMask = 2147483647;
			files = (
				D0724CC41F78E2C200D1AA2B /* LaunchScreen.storyboard in Resources */,
				D01D2F6B1F9465DC0000826A /* GoogleService-Info.plist in Resources */,
				D01D2F791F94668B0000826A /* Auth.storyboard in Resources */,
				D0724CC11F78E2C200D1AA2B /* Assets.xcassets in Resources */,
				D0724CBF1F78E2C200D1AA2B /* Main.storyboard in Resources */,
			);
			runOnlyForDeploymentPostprocessing = 0;
		};
		D0724CC81F78E2C200D1AA2B /* Resources */ = {
			isa = PBXResourcesBuildPhase;
			buildActionMask = 2147483647;
			files = (
			);
			runOnlyForDeploymentPostprocessing = 0;
		};
		D0724CD31F78E2C200D1AA2B /* Resources */ = {
			isa = PBXResourcesBuildPhase;
			buildActionMask = 2147483647;
			files = (
			);
			runOnlyForDeploymentPostprocessing = 0;
		};
/* End PBXResourcesBuildPhase section */

/* Begin PBXShellScriptBuildPhase section */
		00902A076B50CC3B2C9333E2 /* [CP] Check Pods Manifest.lock */ = {
			isa = PBXShellScriptBuildPhase;
			buildActionMask = 2147483647;
			files = (
			);
			inputPaths = (
			);
			name = "[CP] Check Pods Manifest.lock";
			outputPaths = (
			);
			runOnlyForDeploymentPostprocessing = 0;
			shellPath = /bin/sh;
			shellScript = "diff \"${PODS_PODFILE_DIR_PATH}/Podfile.lock\" \"${PODS_ROOT}/Manifest.lock\" > /dev/null\nif [ $? != 0 ] ; then\n    # print error to STDERR\n    echo \"error: The sandbox is not in sync with the Podfile.lock. Run 'pod install' or update your CocoaPods installation.\" >&2\n    exit 1\nfi\n";
			showEnvVarsInLog = 0;
		};
		064BEF420BB428FAC700F1FB /* [CP] Embed Pods Frameworks */ = {
			isa = PBXShellScriptBuildPhase;
			buildActionMask = 2147483647;
			files = (
			);
			inputPaths = (
			);
			name = "[CP] Embed Pods Frameworks";
			outputPaths = (
			);
			runOnlyForDeploymentPostprocessing = 0;
			shellPath = /bin/sh;
			shellScript = "\"${SRCROOT}/Pods/Target Support Files/Pods-POPExample/Pods-POPExample-frameworks.sh\"\n";
			showEnvVarsInLog = 0;
		};
		077B1725706B9BFC3E450E67 /* [CP] Embed Pods Frameworks */ = {
			isa = PBXShellScriptBuildPhase;
			buildActionMask = 2147483647;
			files = (
			);
			inputPaths = (
			);
			name = "[CP] Embed Pods Frameworks";
			outputPaths = (
			);
			runOnlyForDeploymentPostprocessing = 0;
			shellPath = /bin/sh;
			shellScript = "\"${SRCROOT}/Pods/Target Support Files/Pods-POPExampleUITests/Pods-POPExampleUITests-frameworks.sh\"\n";
			showEnvVarsInLog = 0;
		};
		14258C361A8C21095AB6C86B /* [CP] Embed Pods Frameworks */ = {
			isa = PBXShellScriptBuildPhase;
			buildActionMask = 2147483647;
			files = (
			);
			inputPaths = (
			);
			name = "[CP] Embed Pods Frameworks";
			outputPaths = (
			);
			runOnlyForDeploymentPostprocessing = 0;
			shellPath = /bin/sh;
			shellScript = "\"${SRCROOT}/Pods/Target Support Files/Pods-POPExampleTests/Pods-POPExampleTests-frameworks.sh\"\n";
			showEnvVarsInLog = 0;
		};
		22EC1E695FCBB19E9BF6765D /* [CP] Copy Pods Resources */ = {
			isa = PBXShellScriptBuildPhase;
			buildActionMask = 2147483647;
			files = (
			);
			inputPaths = (
			);
			name = "[CP] Copy Pods Resources";
			outputPaths = (
			);
			runOnlyForDeploymentPostprocessing = 0;
			shellPath = /bin/sh;
			shellScript = "\"${SRCROOT}/Pods/Target Support Files/Pods-POPExample/Pods-POPExample-resources.sh\"\n";
			showEnvVarsInLog = 0;
		};
		4F7C25D5ADD2D04B439AA223 /* [CP] Copy Pods Resources */ = {
			isa = PBXShellScriptBuildPhase;
			buildActionMask = 2147483647;
			files = (
			);
			inputPaths = (
			);
			name = "[CP] Copy Pods Resources";
			outputPaths = (
			);
			runOnlyForDeploymentPostprocessing = 0;
			shellPath = /bin/sh;
			shellScript = "\"${SRCROOT}/Pods/Target Support Files/Pods-POPExampleUITests/Pods-POPExampleUITests-resources.sh\"\n";
			showEnvVarsInLog = 0;
		};
		54982798D20FCBF96EF674CC /* [CP] Check Pods Manifest.lock */ = {
			isa = PBXShellScriptBuildPhase;
			buildActionMask = 2147483647;
			files = (
			);
			inputPaths = (
			);
			name = "[CP] Check Pods Manifest.lock";
			outputPaths = (
			);
			runOnlyForDeploymentPostprocessing = 0;
			shellPath = /bin/sh;
			shellScript = "diff \"${PODS_PODFILE_DIR_PATH}/Podfile.lock\" \"${PODS_ROOT}/Manifest.lock\" > /dev/null\nif [ $? != 0 ] ; then\n    # print error to STDERR\n    echo \"error: The sandbox is not in sync with the Podfile.lock. Run 'pod install' or update your CocoaPods installation.\" >&2\n    exit 1\nfi\n";
			showEnvVarsInLog = 0;
		};
		B68F7CAC202AAE34C85EEA1D /* [CP] Copy Pods Resources */ = {
			isa = PBXShellScriptBuildPhase;
			buildActionMask = 2147483647;
			files = (
			);
			inputPaths = (
			);
			name = "[CP] Copy Pods Resources";
			outputPaths = (
			);
			runOnlyForDeploymentPostprocessing = 0;
			shellPath = /bin/sh;
			shellScript = "\"${SRCROOT}/Pods/Target Support Files/Pods-POPExampleTests/Pods-POPExampleTests-resources.sh\"\n";
			showEnvVarsInLog = 0;
		};
		DB6E5F1F1655A5E1740ADE91 /* [CP] Check Pods Manifest.lock */ = {
			isa = PBXShellScriptBuildPhase;
			buildActionMask = 2147483647;
			files = (
			);
			inputPaths = (
			);
			name = "[CP] Check Pods Manifest.lock";
			outputPaths = (
			);
			runOnlyForDeploymentPostprocessing = 0;
			shellPath = /bin/sh;
			shellScript = "diff \"${PODS_PODFILE_DIR_PATH}/Podfile.lock\" \"${PODS_ROOT}/Manifest.lock\" > /dev/null\nif [ $? != 0 ] ; then\n    # print error to STDERR\n    echo \"error: The sandbox is not in sync with the Podfile.lock. Run 'pod install' or update your CocoaPods installation.\" >&2\n    exit 1\nfi\n";
			showEnvVarsInLog = 0;
		};
/* End PBXShellScriptBuildPhase section */

/* Begin PBXSourcesBuildPhase section */
		D0724CB21F78E2C200D1AA2B /* Sources */ = {
			isa = PBXSourcesBuildPhase;
			buildActionMask = 2147483647;
			files = (
				D01D2F701F9466170000826A /* UIViewConfigs.swift in Sources */,
				D01D2F6F1F9466170000826A /* BookTableViewCell.swift in Sources */,
				D01D2F7C1F9482540000826A /* UITextFieldExtentions.swift in Sources */,
				D01D2F731F9466450000826A /* Movie.swift in Sources */,
				D055F06E1F974279008E11D3 /* ViewControllerExtentions.swift in Sources */,
				D055F0701F974368008E11D3 /* BaseViewController.swift in Sources */,
				D01D2F7F1F9702910000826A /* ViewController.swift in Sources */,
				D09FBBA01F832B30008490DE /* LoginViewController.swift in Sources */,
				D09FBBA21F832FC7008490DE /* ForgotPasswordViewController.swift in Sources */,
				D055F0741F975AA4008E11D3 /* UserProfileViewController.swift in Sources */,
				D055F0721F97561B008E11D3 /* AuthManagerViewController.swift in Sources */,
				D09FBBA41F832FDC008490DE /* AuthViewController.swift in Sources */,
				D0724CBA1F78E2C200D1AA2B /* AppDelegate.swift in Sources */,
				D055F0781F97687C008E11D3 /* StoryboardExtension.swift in Sources */,
				D09FBBA61F833051008490DE /* SignUpViewController.swift in Sources */,
			);
			runOnlyForDeploymentPostprocessing = 0;
		};
		D0724CC61F78E2C200D1AA2B /* Sources */ = {
			isa = PBXSourcesBuildPhase;
			buildActionMask = 2147483647;
			files = (
				D0724CCF1F78E2C200D1AA2B /* POPExampleTests.swift in Sources */,
			);
			runOnlyForDeploymentPostprocessing = 0;
		};
		D0724CD11F78E2C200D1AA2B /* Sources */ = {
			isa = PBXSourcesBuildPhase;
			buildActionMask = 2147483647;
			files = (
				D0724CDA1F78E2C200D1AA2B /* POPExampleUITests.swift in Sources */,
			);
			runOnlyForDeploymentPostprocessing = 0;
		};
/* End PBXSourcesBuildPhase section */

/* Begin PBXTargetDependency section */
		D0724CCC1F78E2C200D1AA2B /* PBXTargetDependency */ = {
			isa = PBXTargetDependency;
			target = D0724CB51F78E2C200D1AA2B /* POPExample */;
			targetProxy = D0724CCB1F78E2C200D1AA2B /* PBXContainerItemProxy */;
		};
		D0724CD71F78E2C200D1AA2B /* PBXTargetDependency */ = {
			isa = PBXTargetDependency;
			target = D0724CB51F78E2C200D1AA2B /* POPExample */;
			targetProxy = D0724CD61F78E2C200D1AA2B /* PBXContainerItemProxy */;
		};
/* End PBXTargetDependency section */

/* Begin PBXVariantGroup section */
		D01D2F771F94668B0000826A /* Auth.storyboard */ = {
			isa = PBXVariantGroup;
			children = (
				D01D2F781F94668B0000826A /* Base */,
			);
			name = Auth.storyboard;
			sourceTree = "<group>";
		};
		D0724CBD1F78E2C200D1AA2B /* Main.storyboard */ = {
			isa = PBXVariantGroup;
			children = (
				D0724CBE1F78E2C200D1AA2B /* Base */,
			);
			name = Main.storyboard;
			sourceTree = "<group>";
		};
		D0724CC21F78E2C200D1AA2B /* LaunchScreen.storyboard */ = {
			isa = PBXVariantGroup;
			children = (
				D0724CC31F78E2C200D1AA2B /* Base */,
			);
			name = LaunchScreen.storyboard;
			sourceTree = "<group>";
		};
/* End PBXVariantGroup section */

/* Begin XCBuildConfiguration section */
		D0724CDC1F78E2C200D1AA2B /* Debug */ = {
			isa = XCBuildConfiguration;
			buildSettings = {
				ALWAYS_SEARCH_USER_PATHS = NO;
				CLANG_ANALYZER_NONNULL = YES;
				CLANG_ANALYZER_NUMBER_OBJECT_CONVERSION = YES_AGGRESSIVE;
				CLANG_CXX_LANGUAGE_STANDARD = "gnu++0x";
				CLANG_CXX_LIBRARY = "libc++";
				CLANG_ENABLE_MODULES = YES;
				CLANG_ENABLE_OBJC_ARC = YES;
				CLANG_WARN_BOOL_CONVERSION = YES;
				CLANG_WARN_CONSTANT_CONVERSION = YES;
				CLANG_WARN_DIRECT_OBJC_ISA_USAGE = YES_ERROR;
				CLANG_WARN_DOCUMENTATION_COMMENTS = YES;
				CLANG_WARN_EMPTY_BODY = YES;
				CLANG_WARN_ENUM_CONVERSION = YES;
				CLANG_WARN_INFINITE_RECURSION = YES;
				CLANG_WARN_INT_CONVERSION = YES;
				CLANG_WARN_OBJC_ROOT_CLASS = YES_ERROR;
				CLANG_WARN_SUSPICIOUS_MOVE = YES;
				CLANG_WARN_UNREACHABLE_CODE = YES;
				CLANG_WARN__DUPLICATE_METHOD_MATCH = YES;
				"CODE_SIGN_IDENTITY[sdk=iphoneos*]" = "iPhone Developer";
				COPY_PHASE_STRIP = NO;
				DEBUG_INFORMATION_FORMAT = dwarf;
				ENABLE_STRICT_OBJC_MSGSEND = YES;
				ENABLE_TESTABILITY = YES;
				GCC_C_LANGUAGE_STANDARD = gnu99;
				GCC_DYNAMIC_NO_PIC = NO;
				GCC_NO_COMMON_BLOCKS = YES;
				GCC_OPTIMIZATION_LEVEL = 0;
				GCC_PREPROCESSOR_DEFINITIONS = (
					"DEBUG=1",
					"$(inherited)",
				);
				GCC_WARN_64_TO_32_BIT_CONVERSION = YES;
				GCC_WARN_ABOUT_RETURN_TYPE = YES_ERROR;
				GCC_WARN_UNDECLARED_SELECTOR = YES;
				GCC_WARN_UNINITIALIZED_AUTOS = YES_AGGRESSIVE;
				GCC_WARN_UNUSED_FUNCTION = YES;
				GCC_WARN_UNUSED_VARIABLE = YES;
				IPHONEOS_DEPLOYMENT_TARGET = 10.3;
				MTL_ENABLE_DEBUG_INFO = YES;
				ONLY_ACTIVE_ARCH = YES;
				SDKROOT = iphoneos;
				SWIFT_ACTIVE_COMPILATION_CONDITIONS = DEBUG;
				SWIFT_OBJC_BRIDGING_HEADER = "";
				SWIFT_OPTIMIZATION_LEVEL = "-Onone";
				TARGETED_DEVICE_FAMILY = "1,2";
			};
			name = Debug;
		};
		D0724CDD1F78E2C200D1AA2B /* Release */ = {
			isa = XCBuildConfiguration;
			buildSettings = {
				ALWAYS_SEARCH_USER_PATHS = NO;
				CLANG_ANALYZER_NONNULL = YES;
				CLANG_ANALYZER_NUMBER_OBJECT_CONVERSION = YES_AGGRESSIVE;
				CLANG_CXX_LANGUAGE_STANDARD = "gnu++0x";
				CLANG_CXX_LIBRARY = "libc++";
				CLANG_ENABLE_MODULES = YES;
				CLANG_ENABLE_OBJC_ARC = YES;
				CLANG_WARN_BOOL_CONVERSION = YES;
				CLANG_WARN_CONSTANT_CONVERSION = YES;
				CLANG_WARN_DIRECT_OBJC_ISA_USAGE = YES_ERROR;
				CLANG_WARN_DOCUMENTATION_COMMENTS = YES;
				CLANG_WARN_EMPTY_BODY = YES;
				CLANG_WARN_ENUM_CONVERSION = YES;
				CLANG_WARN_INFINITE_RECURSION = YES;
				CLANG_WARN_INT_CONVERSION = YES;
				CLANG_WARN_OBJC_ROOT_CLASS = YES_ERROR;
				CLANG_WARN_SUSPICIOUS_MOVE = YES;
				CLANG_WARN_UNREACHABLE_CODE = YES;
				CLANG_WARN__DUPLICATE_METHOD_MATCH = YES;
				"CODE_SIGN_IDENTITY[sdk=iphoneos*]" = "iPhone Developer";
				COPY_PHASE_STRIP = NO;
				DEBUG_INFORMATION_FORMAT = "dwarf-with-dsym";
				ENABLE_NS_ASSERTIONS = NO;
				ENABLE_STRICT_OBJC_MSGSEND = YES;
				GCC_C_LANGUAGE_STANDARD = gnu99;
				GCC_NO_COMMON_BLOCKS = YES;
				GCC_WARN_64_TO_32_BIT_CONVERSION = YES;
				GCC_WARN_ABOUT_RETURN_TYPE = YES_ERROR;
				GCC_WARN_UNDECLARED_SELECTOR = YES;
				GCC_WARN_UNINITIALIZED_AUTOS = YES_AGGRESSIVE;
				GCC_WARN_UNUSED_FUNCTION = YES;
				GCC_WARN_UNUSED_VARIABLE = YES;
				IPHONEOS_DEPLOYMENT_TARGET = 10.3;
				MTL_ENABLE_DEBUG_INFO = NO;
				SDKROOT = iphoneos;
				SWIFT_OBJC_BRIDGING_HEADER = "";
				SWIFT_OPTIMIZATION_LEVEL = "-Owholemodule";
				TARGETED_DEVICE_FAMILY = "1,2";
				VALIDATE_PRODUCT = YES;
			};
			name = Release;
		};
		D0724CDF1F78E2C200D1AA2B /* Debug */ = {
			isa = XCBuildConfiguration;
			baseConfigurationReference = 85F8D421FA9BF9F4FF980B60 /* Pods-POPExample.debug.xcconfig */;
			buildSettings = {
				ASSETCATALOG_COMPILER_APPICON_NAME = AppIcon;
				DEVELOPMENT_TEAM = 2EX99YN5P9;
				INFOPLIST_FILE = POPExample/Info.plist;
				LD_RUNPATH_SEARCH_PATHS = "$(inherited) @executable_path/Frameworks";
				PRODUCT_BUNDLE_IDENTIFIER = com.home.POPExample;
				PRODUCT_NAME = "$(TARGET_NAME)";
				SWIFT_OBJC_BRIDGING_HEADER = "";
				SWIFT_VERSION = 3.0;
			};
			name = Debug;
		};
		D0724CE01F78E2C200D1AA2B /* Release */ = {
			isa = XCBuildConfiguration;
			baseConfigurationReference = 1E5870B21600F6EAC8FFD8C7 /* Pods-POPExample.release.xcconfig */;
			buildSettings = {
				ASSETCATALOG_COMPILER_APPICON_NAME = AppIcon;
				DEVELOPMENT_TEAM = 2EX99YN5P9;
				INFOPLIST_FILE = POPExample/Info.plist;
				LD_RUNPATH_SEARCH_PATHS = "$(inherited) @executable_path/Frameworks";
				PRODUCT_BUNDLE_IDENTIFIER = com.home.POPExample;
				PRODUCT_NAME = "$(TARGET_NAME)";
				SWIFT_OBJC_BRIDGING_HEADER = "";
				SWIFT_VERSION = 3.0;
			};
			name = Release;
		};
		D0724CE21F78E2C200D1AA2B /* Debug */ = {
			isa = XCBuildConfiguration;
			baseConfigurationReference = 23D5104926946E448A077E7B /* Pods-POPExampleTests.debug.xcconfig */;
			buildSettings = {
				ALWAYS_EMBED_SWIFT_STANDARD_LIBRARIES = YES;
				BUNDLE_LOADER = "$(TEST_HOST)";
				INFOPLIST_FILE = POPExampleTests/Info.plist;
				LD_RUNPATH_SEARCH_PATHS = "$(inherited) @executable_path/Frameworks @loader_path/Frameworks";
				PRODUCT_BUNDLE_IDENTIFIER = com.home.POPExampleTests;
				PRODUCT_NAME = "$(TARGET_NAME)";
				SWIFT_VERSION = 3.0;
				TEST_HOST = "$(BUILT_PRODUCTS_DIR)/POPExample.app/POPExample";
			};
			name = Debug;
		};
		D0724CE31F78E2C200D1AA2B /* Release */ = {
			isa = XCBuildConfiguration;
			baseConfigurationReference = 21A3E3A6B5FF973CD2F385E0 /* Pods-POPExampleTests.release.xcconfig */;
			buildSettings = {
				ALWAYS_EMBED_SWIFT_STANDARD_LIBRARIES = YES;
				BUNDLE_LOADER = "$(TEST_HOST)";
				INFOPLIST_FILE = POPExampleTests/Info.plist;
				LD_RUNPATH_SEARCH_PATHS = "$(inherited) @executable_path/Frameworks @loader_path/Frameworks";
				PRODUCT_BUNDLE_IDENTIFIER = com.home.POPExampleTests;
				PRODUCT_NAME = "$(TARGET_NAME)";
				SWIFT_VERSION = 3.0;
				TEST_HOST = "$(BUILT_PRODUCTS_DIR)/POPExample.app/POPExample";
			};
			name = Release;
		};
		D0724CE51F78E2C200D1AA2B /* Debug */ = {
			isa = XCBuildConfiguration;
			baseConfigurationReference = FFAE37C28F93929D5F586B86 /* Pods-POPExampleUITests.debug.xcconfig */;
			buildSettings = {
				ALWAYS_EMBED_SWIFT_STANDARD_LIBRARIES = YES;
				INFOPLIST_FILE = POPExampleUITests/Info.plist;
				LD_RUNPATH_SEARCH_PATHS = "$(inherited) @executable_path/Frameworks @loader_path/Frameworks";
				PRODUCT_BUNDLE_IDENTIFIER = com.home.POPExampleUITests;
				PRODUCT_NAME = "$(TARGET_NAME)";
				SWIFT_VERSION = 3.0;
				TEST_TARGET_NAME = POPExample;
			};
			name = Debug;
		};
		D0724CE61F78E2C200D1AA2B /* Release */ = {
			isa = XCBuildConfiguration;
			baseConfigurationReference = 3B81E0C4FF82B11227711F8A /* Pods-POPExampleUITests.release.xcconfig */;
			buildSettings = {
				ALWAYS_EMBED_SWIFT_STANDARD_LIBRARIES = YES;
				INFOPLIST_FILE = POPExampleUITests/Info.plist;
				LD_RUNPATH_SEARCH_PATHS = "$(inherited) @executable_path/Frameworks @loader_path/Frameworks";
				PRODUCT_BUNDLE_IDENTIFIER = com.home.POPExampleUITests;
				PRODUCT_NAME = "$(TARGET_NAME)";
				SWIFT_VERSION = 3.0;
				TEST_TARGET_NAME = POPExample;
			};
			name = Release;
		};
/* End XCBuildConfiguration section */

/* Begin XCConfigurationList section */
		D0724CB11F78E2C200D1AA2B /* Build configuration list for PBXProject "POPExample" */ = {
			isa = XCConfigurationList;
			buildConfigurations = (
				D0724CDC1F78E2C200D1AA2B /* Debug */,
				D0724CDD1F78E2C200D1AA2B /* Release */,
			);
			defaultConfigurationIsVisible = 0;
			defaultConfigurationName = Release;
		};
		D0724CDE1F78E2C200D1AA2B /* Build configuration list for PBXNativeTarget "POPExample" */ = {
			isa = XCConfigurationList;
			buildConfigurations = (
				D0724CDF1F78E2C200D1AA2B /* Debug */,
				D0724CE01F78E2C200D1AA2B /* Release */,
			);
			defaultConfigurationIsVisible = 0;
			defaultConfigurationName = Release;
		};
		D0724CE11F78E2C200D1AA2B /* Build configuration list for PBXNativeTarget "POPExampleTests" */ = {
			isa = XCConfigurationList;
			buildConfigurations = (
				D0724CE21F78E2C200D1AA2B /* Debug */,
				D0724CE31F78E2C200D1AA2B /* Release */,
			);
			defaultConfigurationIsVisible = 0;
			defaultConfigurationName = Release;
		};
		D0724CE41F78E2C200D1AA2B /* Build configuration list for PBXNativeTarget "POPExampleUITests" */ = {
			isa = XCConfigurationList;
			buildConfigurations = (
				D0724CE51F78E2C200D1AA2B /* Debug */,
				D0724CE61F78E2C200D1AA2B /* Release */,
			);
			defaultConfigurationIsVisible = 0;
			defaultConfigurationName = Release;
		};
/* End XCConfigurationList section */
	};
	rootObject = D0724CAE1F78E2C200D1AA2B /* Project object */;
}
